
Microsoft Visual Studio Solution File, Format Version 12.00
# Visual Studio Version 17
VisualStudioVersion = 17.14.37411.7 d17.14
MinimumVisualStudioVersion = 10.0.40219.1
Project("{FAE04EC0-301F-11D3-BF4B-00C04F79EFBC}") = "AkademikWebAPI", "AkademikWebAPI.csproj", "{744FA824-273D-108C-BCD8-4ACC15D3A42A}"
EndProject
Global
	GlobalSection(SolutionConfigurationPlatforms) = preSolution
		Debug|Any CPU = Debug|Any CPU
		Release|Any CPU = Release|Any CPU
	EndGlobalSection
	GlobalSection(ProjectConfigurationPlatforms) = postSolution
		{744FA824-273D-108C-BCD8-4ACC15D3A42A}.Debug|Any CPU.ActiveCfg = Debug|Any CPU
		{744FA824-273D-108C-BCD8-4ACC15D3A42A}.Debug|Any CPU.Build.0 = Debug|Any CPU
		{744FA824-273D-108C-BCD8-4ACC15D3A42A}.Release|Any CPU.ActiveCfg = Release|Any CPU
		{744FA824-273D-108C-BCD8-4ACC15D3A42A}.Release|Any CPU.Build.0 = Release|Any CPU
	EndGlobalSection
	GlobalSection(SolutionProperties) = preSolution
		HideSolutionNode = FALSE
	EndGlobalSection
	GlobalSection(ExtensibilityGlobals) = postSolution
		SolutionGuid = {4E367A5C-0B22-45E8-872C-0A8884BDCEF6}
	EndGlobalSection
EndGlobal
